// !$*UTF8*$!
{
	archiveVersion = 1;
	classes = {
	};
	objectVersion = 56;
	objects = {

/* Begin PBXBuildFile section */
		FAE36AFF2C94CE470083B01B /* GuessTheNumberApp.swift in Sources */ = {isa = PBXBuildFile; fileRef = FAE36AFE2C94CE470083B01B /* GuessTheNumberApp.swift */; };
		FAE36B012C94CE470083B01B /* ContentView.swift in Sources */ = {isa = PBXBuildFile; fileRef = FAE36B002C94CE470083B01B /* ContentView.swift */; };
		FAE36B032C94CE480083B01B /* Assets.xcassets in Resources */ = {isa = PBXBuildFile; fileRef = FAE36B022C94CE480083B01B /* Assets.xcassets */; };
		FAE36B062C94CE480083B01B /* Preview Assets.xcassets in Resources */ = {isa = PBXBuildFile; fileRef = FAE36B052C94CE480083B01B /* Preview Assets.xcassets */; };
		FAE36B112C94CE480083B01B /* GuessTheNumberTests.swift in Sources */ = {isa = PBXBuildFile; fileRef = FAE36B102C94CE480083B01B /* GuessTheNumberTests.swift */; };
		FAE36B1B2C94CE480083B01B /* GuessTheNumberUITests.swift in Sources */ = {isa = PBXBuildFile; fileRef = FAE36B1A2C94CE480083B01B /* GuessTheNumberUITests.swift */; };
		FAE36B1D2C94CE480083B01B /* GuessTheNumberUITestsLaunchTests.swift in Sources */ = {isa = PBXBuildFile; fileRef = FAE36B1C2C94CE480083B01B /* GuessTheNumberUITestsLaunchTests.swift */; };
/* End PBXBuildFile section */

/* Begin PBXContainerItemProxy section */
		FAE36B0D2C94CE480083B01B /* PBXContainerItemProxy */ = {
			isa = PBXContainerItemProxy;
			containerPortal = FAE36AF32C94CE460083B01B /* Project object */;
			proxyType = 1;
			remoteGlobalIDString = FAE36AFA2C94CE470083B01B;
			remoteInfo = GuessTheNumber;
		};
		FAE36B172C94CE480083B01B /* PBXContainerItemProxy */ = {
			isa = PBXContainerItemProxy;
			containerPortal = FAE36AF32C94CE460083B01B /* Project object */;
			proxyType = 1;
			remoteGlobalIDString = FAE36AFA2C94CE470083B01B;
			remoteInfo = GuessTheNumber;
		};
/* End PBXContainerItemProxy section */

/* Begin PBXFileReference section */
		FAE36AFB2C94CE470083B01B /* GuessTheNumber.app */ = {isa = PBXFileReference; explicitFileType = wrapper.application; includeInIndex = 0; path = GuessTheNumber.app; sourceTree = BUILT_PRODUCTS_DIR; };
		FAE36AFE2C94CE470083B01B /* GuessTheNumberApp.swift */ = {isa = PBXFileReference; lastKnownFileType = sourcecode.swift; path = GuessTheNumberApp.swift; sourceTree = "<group>"; };
		FAE36B002C94CE470083B01B /* ContentView.swift */ = {isa = PBXFileReference; lastKnownFileType = sourcecode.swift; path = ContentView.swift; sourceTree = "<group>"; };
		FAE36B022C94CE480083B01B /* Assets.xcassets */ = {isa = PBXFileReference; lastKnownFileType = folder.assetcatalog; path = Assets.xcassets; sourceTree = "<group>"; };
		FAE36B052C94CE480083B01B /* Preview Assets.xcassets */ = {isa = PBXFileReference; lastKnownFileType = folder.assetcatalog; path = "Preview Assets.xcassets"; sourceTree = "<group>"; };
		FAE36B072C94CE480083B01B /* GuessTheNumber.entitlements */ = {isa = PBXFileReference; lastKnownFileType = text.plist.entitlements; path = GuessTheNumber.entitlements; sourceTree = "<group>"; };
		FAE36B0C2C94CE480083B01B /* GuessTheNumberTests.xctest */ = {isa = PBXFileReference; explicitFileType = wrapper.cfbundle; includeInIndex = 0; path = GuessTheNumberTests.xctest; sourceTree = BUILT_PRODUCTS_DIR; };
		FAE36B102C94CE480083B01B /* GuessTheNumberTests.swift */ = {isa = PBXFileReference; lastKnownFileType = sourcecode.swift; path = GuessTheNumberTests.swift; sourceTree = "<group>"; };
		FAE36B162C94CE480083B01B /* GuessTheNumberUITests.xctest */ = {isa = PBXFileReference; explicitFileType = wrapper.cfbundle; includeInIndex = 0; path = GuessTheNumberUITests.xctest; sourceTree = BUILT_PRODUCTS_DIR; };
		FAE36B1A2C94CE480083B01B /* GuessTheNumberUITests.swift */ = {isa = PBXFileReference; lastKnownFileType = sourcecode.swift; path = GuessTheNumberUITests.swift; sourceTree = "<group>"; };
		FAE36B1C2C94CE480083B01B /* GuessTheNumberUITestsLaunchTests.swift */ = {isa = PBXFileReference; lastKnownFileType = sourcecode.swift; path = GuessTheNumberUITestsLaunchTests.swift; sourceTree = "<group>"; };
/* End PBXFileReference section */

/* Begin PBXFrameworksBuildPhase section */
		FAE36AF82C94CE470083B01B /* Frameworks */ = {
			isa = PBXFrameworksBuildPhase;
			buildActionMask = 2147483647;
			files = (
			);
			runOnlyForDeploymentPostprocessing = 0;
		};
		FAE36B092C94CE480083B01B /* Frameworks */ = {
			isa = PBXFrameworksBuildPhase;
			buildActionMask = 2147483647;
			files = (
			);
			runOnlyForDeploymentPostprocessing = 0;
		};
		FAE36B132C94CE480083B01B /* Frameworks */ = {
			isa = PBXFrameworksBuildPhase;
			buildActionMask = 2147483647;
			files = (
			);
			runOnlyForDeploymentPostprocessing = 0;
		};
/* End PBXFrameworksBuildPhase section */

/* Begin PBXGroup section */
		FAE36AF22C94CE460083B01B = {
			isa = PBXGroup;
			children = (
				FAE36AFD2C94CE470083B01B /* GuessTheNumber */,
				FAE36B0F2C94CE480083B01B /* GuessTheNumberTests */,
				FAE36B192C94CE480083B01B /* GuessTheNumberUITests */,
				FAE36AFC2C94CE470083B01B /* Products */,
			);
			sourceTree = "<group>";
		};
		FAE36AFC2C94CE470083B01B /* Products */ = {
			isa = PBXGroup;
			children = (
				FAE36AFB2C94CE470083B01B /* GuessTheNumber.app */,
				FAE36B0C2C94CE480083B01B /* GuessTheNumberTests.xctest */,
				FAE36B162C94CE480083B01B /* GuessTheNumberUITests.xctest */,
			);
			name = Products;
			sourceTree = "<group>";
		};
		FAE36AFD2C94CE470083B01B /* GuessTheNumber */ = {
			isa = PBXGroup;
			children = (
				FAE36AFE2C94CE470083B01B /* GuessTheNumberApp.swift */,
				FAE36B002C94CE470083B01B /* ContentView.swift */,
				FAE36B022C94CE480083B01B /* Assets.xcassets */,
				FAE36B072C94CE480083B01B /* GuessTheNumber.entitlements */,
				FAE36B042C94CE480083B01B /* Preview Content */,
			);
			path = GuessTheNumber;
			sourceTree = "<group>";
		};
		FAE36B042C94CE480083B01B /* Preview Content */ = {
			isa = PBXGroup;
			children = (
				FAE36B052C94CE480083B01B /* Preview Assets.xcassets */,
			);
			path = "Preview Content";
			sourceTree = "<group>";
		};
		FAE36B0F2C94CE480083B01B /* GuessTheNumberTests */ = {
			isa = PBXGroup;
			children = (
				FAE36B102C94CE480083B01B /* GuessTheNumberTests.swift */,
			);
			path = GuessTheNumberTests;
			sourceTree = "<group>";
		};
		FAE36B192C94CE480083B01B /* GuessTheNumberUITests */ = {
			isa = PBXGroup;
			children = (
				FAE36B1A2C94CE480083B01B /* GuessTheNumberUITests.swift */,
				FAE36B1C2C94CE480083B01B /* GuessTheNumberUITestsLaunchTests.swift */,
			);
			path = GuessTheNumberUITests;
			sourceTree = "<group>";
		};
/* End PBXGroup section */

/* Begin PBXNativeTarget section */
		FAE36AFA2C94CE470083B01B /* GuessTheNumber */ = {
			isa = PBXNativeTarget;
			buildConfigurationList = FAE36B202C94CE480083B01B /* Build configuration list for PBXNativeTarget "GuessTheNumber" */;
			buildPhases = (
				FAE36AF72C94CE470083B01B /* Sources */,
				FAE36AF82C94CE470083B01B /* Frameworks */,
				FAE36AF92C94CE470083B01B /* Resources */,
			);
			buildRules = (
			);
			dependencies = (
			);
			name = GuessTheNumber;
			productName = GuessTheNumber;
			productReference = FAE36AFB2C94CE470083B01B /* GuessTheNumber.app */;
			productType = "com.apple.product-type.application";
		};
		FAE36B0B2C94CE480083B01B /* GuessTheNumberTests */ = {
			isa = PBXNativeTarget;
			buildConfigurationList = FAE36B232C94CE480083B01B /* Build configuration list for PBXNativeTarget "GuessTheNumberTests" */;
			buildPhases = (
				FAE36B082C94CE480083B01B /* Sources */,
				FAE36B092C94CE480083B01B /* Frameworks */,
				FAE36B0A2C94CE480083B01B /* Resources */,
			);
			buildRules = (
			);
			dependencies = (
				FAE36B0E2C94CE480083B01B /* PBXTargetDependency */,
			);
			name = GuessTheNumberTests;
			productName = GuessTheNumberTests;
			productReference = FAE36B0C2C94CE480083B01B /* GuessTheNumberTests.xctest */;
			productType = "com.apple.product-type.bundle.unit-test";
		};
		FAE36B152C94CE480083B01B /* GuessTheNumberUITests */ = {
			isa = PBXNativeTarget;
			buildConfigurationList = FAE36B262C94CE480083B01B /* Build configuration list for PBXNativeTarget "GuessTheNumberUITests" */;
			buildPhases = (
				FAE36B122C94CE480083B01B /* Sources */,
				FAE36B132C94CE480083B01B /* Frameworks */,
				FAE36B142C94CE480083B01B /* Resources */,
			);
			buildRules = (
			);
			dependencies = (
				FAE36B182C94CE480083B01B /* PBXTargetDependency */,
			);
			name = GuessTheNumberUITests;
			productName = GuessTheNumberUITests;
			productReference = FAE36B162C94CE480083B01B /* GuessTheNumberUITests.xctest */;
			productType = "com.apple.product-type.bundle.ui-testing";
		};
/* End PBXNativeTarget section */

/* Begin PBXProject section */
		FAE36AF32C94CE460083B01B /* Project object */ = {
			isa = PBXProject;
			attributes = {
				BuildIndependentTargetsInParallel = 1;
				LastSwiftUpdateCheck = 1540;
				LastUpgradeCheck = 1540;
				TargetAttributes = {
					FAE36AFA2C94CE470083B01B = {
						CreatedOnToolsVersion = 15.4;
					};
					FAE36B0B2C94CE480083B01B = {
						CreatedOnToolsVersion = 15.4;
						TestTargetID = FAE36AFA2C94CE470083B01B;
					};
					FAE36B152C94CE480083B01B = {
						CreatedOnToolsVersion = 15.4;
						TestTargetID = FAE36AFA2C94CE470083B01B;
					};
				};
			};
			buildConfigurationList = FAE36AF62C94CE460083B01B /* Build configuration list for PBXProject "GuessTheNumber" */;
			compatibilityVersion = "Xcode 14.0";
			developmentRegion = en;
			hasScannedForEncodings = 0;
			knownRegions = (
				en,
				Base,
			);
			mainGroup = FAE36AF22C94CE460083B01B;
			productRefGroup = FAE36AFC2C94CE470083B01B /* Products */;
			projectDirPath = "";
			projectRoot = "";
			targets = (
				FAE36AFA2C94CE470083B01B /* GuessTheNumber */,
				FAE36B0B2C94CE480083B01B /* GuessTheNumberTests */,
				FAE36B152C94CE480083B01B /* GuessTheNumberUITests */,
			);
		};
/* End PBXProject section */

/* Begin PBXResourcesBuildPhase section */
		FAE36AF92C94CE470083B01B /* Resources */ = {
			isa = PBXResourcesBuildPhase;
			buildActionMask = 2147483647;
			files = (
				FAE36B062C94CE480083B01B /* Preview Assets.xcassets in Resources */,
				FAE36B032C94CE480083B01B /* Assets.xcassets in Resources */,
			);
			runOnlyForDeploymentPostprocessing = 0;
		};
		FAE36B0A2C94CE480083B01B /* Resources */ = {
			isa = PBXResourcesBuildPhase;
			buildActionMask = 2147483647;
			files = (
			);
			runOnlyForDeploymentPostprocessing = 0;
		};
		FAE36B142C94CE480083B01B /* Resources */ = {
			isa = PBXResourcesBuildPhase;
			buildActionMask = 2147483647;
			files = (
			);
			runOnlyForDeploymentPostprocessing = 0;
		};
/* End PBXResourcesBuildPhase section */

/* Begin PBXSourcesBuildPhase section */
		FAE36AF72C94CE470083B01B /* Sources */ = {
			isa = PBXSourcesBuildPhase;
			buildActionMask = 2147483647;
			files = (
				FAE36B012C94CE470083B01B /* ContentView.swift in Sources */,
				FAE36AFF2C94CE470083B01B /* GuessTheNumberApp.swift in Sources */,
			);
			runOnlyForDeploymentPostprocessing = 0;
		};
		FAE36B082C94CE480083B01B /* Sources */ = {
			isa = PBXSourcesBuildPhase;
			buildActionMask = 2147483647;
			files = (
				FAE36B112C94CE480083B01B /* GuessTheNumberTests.swift in Sources */,
			);
			runOnlyForDeploymentPostprocessing = 0;
		};
		FAE36B122C94CE480083B01B /* Sources */ = {
			isa = PBXSourcesBuildPhase;
			buildActionMask = 2147483647;
			files = (
				FAE36B1B2C94CE480083B01B /* GuessTheNumberUITests.swift in Sources */,
				FAE36B1D2C94CE480083B01B /* GuessTheNumberUITestsLaunchTests.swift in Sources */,
			);
			runOnlyForDeploymentPostprocessing = 0;
		};
/* End PBXSourcesBuildPhase section */

/* Begin PBXTargetDependency section */
		FAE36B0E2C94CE480083B01B /* PBXTargetDependency */ = {
			isa = PBXTargetDependency;
			target = FAE36AFA2C94CE470083B01B /* GuessTheNumber */;
			targetProxy = FAE36B0D2C94CE480083B01B /* PBXContainerItemProxy */;
		};
		FAE36B182C94CE480083B01B /* PBXTargetDependency */ = {
			isa = PBXTargetDependency;
			target = FAE36AFA2C94CE470083B01B /* GuessTheNumber */;
			targetProxy = FAE36B172C94CE480083B01B /* PBXContainerItemProxy */;
		};
/* End PBXTargetDependency section */

/* Begin XCBuildConfiguration section */
		FAE36B1E2C94CE480083B01B /* Debug */ = {
			isa = XCBuildConfiguration;
			buildSettings = {
				ALWAYS_SEARCH_USER_PATHS = NO;
				ASSETCATALOG_COMPILER_GENERATE_SWIFT_ASSET_SYMBOL_EXTENSIONS = YES;
				CLANG_ANALYZER_NONNULL = YES;
				CLANG_ANALYZER_NUMBER_OBJECT_CONVERSION = YES_AGGRESSIVE;
				CLANG_CXX_LANGUAGE_STANDARD = "gnu++20";
				CLANG_ENABLE_MODULES = YES;
				CLANG_ENABLE_OBJC_ARC = YES;
				CLANG_ENABLE_OBJC_WEAK = YES;
				CLANG_WARN_BLOCK_CAPTURE_AUTORELEASING = YES;
				CLANG_WARN_BOOL_CONVERSION = YES;
				CLANG_WARN_COMMA = YES;
				CLANG_WARN_CONSTANT_CONVERSION = YES;
				CLANG_WARN_DEPRECATED_OBJC_IMPLEMENTATIONS = YES;
				CLANG_WARN_DIRECT_OBJC_ISA_USAGE = YES_ERROR;
				CLANG_WARN_DOCUMENTATION_COMMENTS = YES;
				CLANG_WARN_EMPTY_BODY = YES;
				CLANG_WARN_ENUM_CONVERSION = YES;
				CLANG_WARN_INFINITE_RECURSION = YES;
				CLANG_WARN_INT_CONVERSION = YES;
				CLANG_WARN_NON_LITERAL_NULL_CONVERSION = YES;
				CLANG_WARN_OBJC_IMPLICIT_RETAIN_SELF = YES;
				CLANG_WARN_OBJC_LITERAL_CONVERSION = YES;
				CLANG_WARN_OBJC_ROOT_CLASS = YES_ERROR;
				CLANG_WARN_QUOTED_INCLUDE_IN_FRAMEWORK_HEADER = YES;
				CLANG_WARN_RANGE_LOOP_ANALYSIS = YES;
				CLANG_WARN_STRICT_PROTOTYPES = YES;
				CLANG_WARN_SUSPICIOUS_MOVE = YES;
				CLANG_WARN_UNGUARDED_AVAILABILITY = YES_AGGRESSIVE;
				CLANG_WARN_UNREACHABLE_CODE = YES;
				CLANG_WARN__DUPLICATE_METHOD_MATCH = YES;
				COPY_PHASE_STRIP = NO;
				DEBUG_INFORMATION_FORMAT = dwarf;
				ENABLE_STRICT_OBJC_MSGSEND = YES;
				ENABLE_TESTABILITY = YES;
				ENABLE_USER_SCRIPT_SANDBOXING = YES;
				GCC_C_LANGUAGE_STANDARD = gnu17;
				GCC_DYNAMIC_NO_PIC = NO;
				GCC_NO_COMMON_BLOCKS = YES;
				GCC_OPTIMIZATION_LEVEL = 0;
				GCC_PREPROCESSOR_DEFINITIONS = (
					"DEBUG=1",
					"$(inherited)",
				);
				GCC_WARN_64_TO_32_BIT_CONVERSION = YES;
				GCC_WARN_ABOUT_RETURN_TYPE = YES_ERROR;
				GCC_WARN_UNDECLARED_SELECTOR = YES;
				GCC_WARN_UNINITIALIZED_AUTOS = YES_AGGRESSIVE;
				GCC_WARN_UNUSED_FUNCTION = YES;
				GCC_WARN_UNUSED_VARIABLE = YES;
				LOCALIZATION_PREFERS_STRING_CATALOGS = YES;
				MACOSX_DEPLOYMENT_TARGET = 14.5;
				MTL_ENABLE_DEBUG_INFO = INCLUDE_SOURCE;
				MTL_FAST_MATH = YES;
				ONLY_ACTIVE_ARCH = YES;
				SDKROOT = macosx;
				SWIFT_ACTIVE_COMPILATION_CONDITIONS = "DEBUG $(inherited)";
				SWIFT_OPTIMIZATION_LEVEL = "-Onone";
			};
			name = Debug;
		};
		FAE36B1F2C94CE480083B01B /* Release */ = {
			isa = XCBuildConfiguration;
			buildSettings = {
				ALWAYS_SEARCH_USER_PATHS = NO;
				ASSETCATALOG_COMPILER_GENERATE_SWIFT_ASSET_SYMBOL_EXTENSIONS = YES;
				CLANG_ANALYZER_NONNULL = YES;
				CLANG_ANALYZER_NUMBER_OBJECT_CONVERSION = YES_AGGRESSIVE;
				CLANG_CXX_LANGUAGE_STANDARD = "gnu++20";
				CLANG_ENABLE_MODULES = YES;
				CLANG_ENABLE_OBJC_ARC = YES;
				CLANG_ENABLE_OBJC_WEAK = YES;
				CLANG_WARN_BLOCK_CAPTURE_AUTORELEASING = YES;
				CLANG_WARN_BOOL_CONVERSION = YES;
				CLANG_WARN_COMMA = YES;
				CLANG_WARN_CONSTANT_CONVERSION = YES;
				CLANG_WARN_DEPRECATED_OBJC_IMPLEMENTATIONS = YES;
				CLANG_WARN_DIRECT_OBJC_ISA_USAGE = YES_ERROR;
				CLANG_WARN_DOCUMENTATION_COMMENTS = YES;
				CLANG_WARN_EMPTY_BODY = YES;
				CLANG_WARN_ENUM_CONVERSION = YES;
				CLANG_WARN_INFINITE_RECURSION = YES;
				CLANG_WARN_INT_CONVERSION = YES;
				CLANG_WARN_NON_LITERAL_NULL_CONVERSION = YES;
				CLANG_WARN_OBJC_IMPLICIT_RETAIN_SELF = YES;
				CLANG_WARN_OBJC_LITERAL_CONVERSION = YES;
				CLANG_WARN_OBJC_ROOT_CLASS = YES_ERROR;
				CLANG_WARN_QUOTED_INCLUDE_IN_FRAMEWORK_HEADER = YES;
				CLANG_WARN_RANGE_LOOP_ANALYSIS = YES;
				CLANG_WARN_STRICT_PROTOTYPES = YES;
				CLANG_WARN_SUSPICIOUS_MOVE = YES;
				CLANG_WARN_UNGUARDED_AVAILABILITY = YES_AGGRESSIVE;
				CLANG_WARN_UNREACHABLE_CODE = YES;
				CLANG_WARN__DUPLICATE_METHOD_MATCH = YES;
				COPY_PHASE_STRIP = NO;
				DEBUG_INFORMATION_FORMAT = "dwarf-with-dsym";
				ENABLE_NS_ASSERTIONS = NO;
				ENABLE_STRICT_OBJC_MSGSEND = YES;
				ENABLE_USER_SCRIPT_SANDBOXING = YES;
				GCC_C_LANGUAGE_STANDARD = gnu17;
				GCC_NO_COMMON_BLOCKS = YES;
				GCC_WARN_64_TO_32_BIT_CONVERSION = YES;
				GCC_WARN_ABOUT_RETURN_TYPE = YES_ERROR;
				GCC_WARN_UNDECLARED_SELECTOR = YES;
				GCC_WARN_UNINITIALIZED_AUTOS = YES_AGGRESSIVE;
				GCC_WARN_UNUSED_FUNCTION = YES;
				GCC_WARN_UNUSED_VARIABLE = YES;
				LOCALIZATION_PREFERS_STRING_CATALOGS = YES;
				MACOSX_DEPLOYMENT_TARGET = 14.5;
				MTL_ENABLE_DEBUG_INFO = NO;
				MTL_FAST_MATH = YES;
				SDKROOT = macosx;
				SWIFT_COMPILATION_MODE = wholemodule;
			};
			name = Release;
		};
		FAE36B212C94CE480083B01B /* Debug */ = {
			isa = XCBuildConfiguration;
			buildSettings = {
				ASSETCATALOG_COMPILER_APPICON_NAME = AppIcon;
				ASSETCATALOG_COMPILER_GLOBAL_ACCENT_COLOR_NAME = AccentColor;
				CODE_SIGN_ENTITLEMENTS = GuessTheNumber/GuessTheNumber.entitlements;
				CODE_SIGN_STYLE = Automatic;
				COMBINE_HIDPI_IMAGES = YES;
				CURRENT_PROJECT_VERSION = 1;
				DEVELOPMENT_ASSET_PATHS = "\"GuessTheNumber/Preview Content\"";
				DEVELOPMENT_TEAM = FBVMC425AQ;
				ENABLE_HARDENED_RUNTIME = YES;
				ENABLE_PREVIEWS = YES;
				GENERATE_INFOPLIST_FILE = YES;
				INFOPLIST_KEY_NSHumanReadableCopyright = "";
				LD_RUNPATH_SEARCH_PATHS = (
					"$(inherited)",
					"@executable_path/../Frameworks",
				);
				MARKETING_VERSION = 1.0;
				PRODUCT_BUNDLE_IDENTIFIER = com.alexv.GuessTheNumber;
				PRODUCT_NAME = "$(TARGET_NAME)";
				SWIFT_EMIT_LOC_STRINGS = YES;
				SWIFT_VERSION = 5.0;
			};
			name = Debug;
		};
		FAE36B222C94CE480083B01B /* Release */ = {
			isa = XCBuildConfiguration;
			buildSettings = {
				ASSETCATALOG_COMPILER_APPICON_NAME = AppIcon;
				ASSETCATALOG_COMPILER_GLOBAL_ACCENT_COLOR_NAME = AccentColor;
				CODE_SIGN_ENTITLEMENTS = GuessTheNumber/GuessTheNumber.entitlements;
				CODE_SIGN_STYLE = Automatic;
				COMBINE_HIDPI_IMAGES = YES;
				CURRENT_PROJECT_VERSION = 1;
				DEVELOPMENT_ASSET_PATHS = "\"GuessTheNumber/Preview Content\"";
				DEVELOPMENT_TEAM = FBVMC425AQ;
				ENABLE_HARDENED_RUNTIME = YES;
				ENABLE_PREVIEWS = YES;
				GENERATE_INFOPLIST_FILE = YES;
				INFOPLIST_KEY_NSHumanReadableCopyright = "";
				LD_RUNPATH_SEARCH_PATHS = (
					"$(inherited)",
					"@executable_path/../Frameworks",
				);
				MARKETING_VERSION = 1.0;
				PRODUCT_BUNDLE_IDENTIFIER = com.alexv.GuessTheNumber;
				PRODUCT_NAME = "$(TARGET_NAME)";
				SWIFT_EMIT_LOC_STRINGS = YES;
				SWIFT_VERSION = 5.0;
			};
			name = Release;
		};
		FAE36B242C94CE480083B01B /* Debug */ = {
			isa = XCBuildConfiguration;
			buildSettings = {
				ALWAYS_EMBED_SWIFT_STANDARD_LIBRARIES = YES;
				BUNDLE_LOADER = "$(TEST_HOST)";
				CODE_SIGN_STYLE = Automatic;
				CURRENT_PROJECT_VERSION = 1;
				DEVELOPMENT_TEAM = FBVMC425AQ;
				GENERATE_INFOPLIST_FILE = YES;
				MACOSX_DEPLOYMENT_TARGET = 14.5;
				MARKETING_VERSION = 1.0;
				PRODUCT_BUNDLE_IDENTIFIER = com.alexv.GuessTheNumberTests;
				PRODUCT_NAME = "$(TARGET_NAME)";
				SWIFT_EMIT_LOC_STRINGS = NO;
				SWIFT_VERSION = 5.0;
				TEST_HOST = "$(BUILT_PRODUCTS_DIR)/GuessTheNumber.app/$(BUNDLE_EXECUTABLE_FOLDER_PATH)/GuessTheNumber";
			};
			name = Debug;
		};
		FAE36B252C94CE480083B01B /* Release */ = {
			isa = XCBuildConfiguration;
			buildSettings = {
				ALWAYS_EMBED_SWIFT_STANDARD_LIBRARIES = YES;
				BUNDLE_LOADER = "$(TEST_HOST)";
				CODE_SIGN_STYLE = Automatic;
				CURRENT_PROJECT_VERSION = 1;
				DEVELOPMENT_TEAM = FBVMC425AQ;
				GENERATE_INFOPLIST_FILE = YES;
				MACOSX_DEPLOYMENT_TARGET = 14.5;
				MARKETING_VERSION = 1.0;
				PRODUCT_BUNDLE_IDENTIFIER = com.alexv.GuessTheNumberTests;
				PRODUCT_NAME = "$(TARGET_NAME)";
				SWIFT_EMIT_LOC_STRINGS = NO;
				SWIFT_VERSION = 5.0;
				TEST_HOST = "$(BUILT_PRODUCTS_DIR)/GuessTheNumber.app/$(BUNDLE_EXECUTABLE_FOLDER_PATH)/GuessTheNumber";
			};
			name = Release;
		};
		FAE36B272C94CE480083B01B /* Debug */ = {
			isa = XCBuildConfiguration;
			buildSettings = {
				ALWAYS_EMBED_SWIFT_STANDARD_LIBRARIES = YES;
				CODE_SIGN_STYLE = Automatic;
				CURRENT_PROJECT_VERSION = 1;
				DEVELOPMENT_TEAM = FBVMC425AQ;
				GENERATE_INFOPLIST_FILE = YES;
				MARKETING_VERSION = 1.0;
				PRODUCT_BUNDLE_IDENTIFIER = com.alexv.GuessTheNumberUITests;
				PRODUCT_NAME = "$(TARGET_NAME)";
				SWIFT_EMIT_LOC_STRINGS = NO;
				SWIFT_VERSION = 5.0;
				TEST_TARGET_NAME = GuessTheNumber;
			};
			name = Debug;
		};
		FAE36B282C94CE480083B01B /* Release */ = {
			isa = XCBuildConfiguration;
			buildSettings = {
				ALWAYS_EMBED_SWIFT_STANDARD_LIBRARIES = YES;
				CODE_SIGN_STYLE = Automatic;
				CURRENT_PROJECT_VERSION = 1;
				DEVELOPMENT_TEAM = FBVMC425AQ;
				GENERATE_INFOPLIST_FILE = YES;
				MARKETING_VERSION = 1.0;
				PRODUCT_BUNDLE_IDENTIFIER = com.alexv.GuessTheNumberUITests;
				PRODUCT_NAME = "$(TARGET_NAME)";
				SWIFT_EMIT_LOC_STRINGS = NO;
				SWIFT_VERSION = 5.0;
				TEST_TARGET_NAME = GuessTheNumber;
			};
			name = Release;
		};
/* End XCBuildConfiguration section */

/* Begin XCConfigurationList section */
		FAE36AF62C94CE460083B01B /* Build configuration list for PBXProject "GuessTheNumber" */ = {
			isa = XCConfigurationList;
			buildConfigurations = (
				FAE36B1E2C94CE480083B01B /* Debug */,
				FAE36B1F2C94CE480083B01B /* Release */,
			);
			defaultConfigurationIsVisible = 0;
			defaultConfigurationName = Release;
		};
		FAE36B202C94CE480083B01B /* Build configuration list for PBXNativeTarget "GuessTheNumber" */ = {
			isa = XCConfigurationList;
			buildConfigurations = (
				FAE36B212C94CE480083B01B /* Debug */,
				FAE36B222C94CE480083B01B /* Release */,
			);
			defaultConfigurationIsVisible = 0;
			defaultConfigurationName = Release;
		};
		FAE36B232C94CE480083B01B /* Build configuration list for PBXNativeTarget "GuessTheNumberTests" */ = {
			isa = XCConfigurationList;
			buildConfigurations = (
				FAE36B242C94CE480083B01B /* Debug */,
				FAE36B252C94CE480083B01B /* Release */,
			);
			defaultConfigurationIsVisible = 0;
			defaultConfigurationName = Release;
		};
		FAE36B262C94CE480083B01B /* Build configuration list for PBXNativeTarget "GuessTheNumberUITests" */ = {
			isa = XCConfigurationList;
			buildConfigurations = (
				FAE36B272C94CE480083B01B /* Debug */,
				FAE36B282C94CE480083B01B /* Release */,
			);
			defaultConfigurationIsVisible = 0;
			defaultConfigurationName = Release;
		};
/* End XCConfigurationList section */
	};
	rootObject = FAE36AF32C94CE460083B01B /* Project object */;
}
